
Microsoft Visual Studio Solution File, Format Version 12.00
# Visual Studio 15
Project("{FAE04EC0-301F-11D3-BF4B-00C04F79EFBC}") = "UnityEngine.UI", "UnityEngine.UI.csproj", "{007B8B71-6C37-DFB3-415C-90A565B5ABB4}"
EndProject
Project("{FAE04EC0-301F-11D3-BF4B-00C04F79EFBC}") = "Assembly-CSharp", "Assembly-CSharp.csproj", "{1139D26D-393D-2CDA-CB04-1A9AAC9F0975}"
EndProject
Project("{FAE04EC0-301F-11D3-BF4B-00C04F79EFBC}") = "Assembly-CSharp-firstpass", "Assembly-CSharp-firstpass.csproj", "{D7E3CE29-8A38-31EC-6E5B-62A785BFDDF3}"
EndProject
Project("{FAE04EC0-301F-11D3-BF4B-00C04F79EFBC}") = "Assembly-CSharp-Editor-firstpass", "Assembly-CSharp-Editor-firstpass.csproj", "{0B88E06D-A4E5-C39C-69D5-96AFB9BA7635}"
EndProject
Project("{FAE04EC0-301F-11D3-BF4B-00C04F79EFBC}") = "UnityEditor.UI", "UnityEditor.UI.csproj", "{6C882412-8E93-419E-A7E0-2AC30087D5D1}"
EndProject
Global
	GlobalSection(SolutionConfigurationPlatforms) = preSolution
		Debug|Any CPU = Debug|Any CPU
		Release|Any CPU = Release|Any CPU
	EndGlobalSection
	GlobalSection(ProjectConfigurationPlatforms) = postSolution
		{007B8B71-6C37-DFB3-415C-90A565B5ABB4}.Debug|Any CPU.ActiveCfg = Debug|Any CPU
		{007B8B71-6C37-DFB3-415C-90A565B5ABB4}.Debug|Any CPU.Build.0 = Debug|Any CPU
		{007B8B71-6C37-DFB3-415C-90A565B5ABB4}.Release|Any CPU.ActiveCfg = Release|Any CPU
		{007B8B71-6C37-DFB3-415C-90A565B5ABB4}.Release|Any CPU.Build.0 = Release|Any CPU
		{1139D26D-393D-2CDA-CB04-1A9AAC9F0975}.Debug|Any CPU.ActiveCfg = Debug|Any CPU
		{1139D26D-393D-2CDA-CB04-1A9AAC9F0975}.Debug|Any CPU.Build.0 = Debug|Any CPU
		{1139D26D-393D-2CDA-CB04-1A9AAC9F0975}.Release|Any CPU.ActiveCfg = Release|Any CPU
		{1139D26D-393D-2CDA-CB04-1A9AAC9F0975}.Release|Any CPU.Build.0 = Release|Any CPU
		{D7E3CE29-8A38-31EC-6E5B-62A785BFDDF3}.Debug|Any CPU.ActiveCfg = Debug|Any CPU
		{D7E3CE29-8A38-31EC-6E5B-62A785BFDDF3}.Debug|Any CPU.Build.0 = Debug|Any CPU
		{D7E3CE29-8A38-31EC-6E5B-62A785BFDDF3}.Release|Any CPU.ActiveCfg = Release|Any CPU
		{D7E3CE29-8A38-31EC-6E5B-62A785BFDDF3}.Release|Any CPU.Build.0 = Release|Any CPU
		{0B88E06D-A4E5-C39C-69D5-96AFB9BA7635}.Debug|Any CPU.ActiveCfg = Debug|Any CPU
		{0B88E06D-A4E5-C39C-69D5-96AFB9BA7635}.Debug|Any CPU.Build.0 = Debug|Any CPU
		{0B88E06D-A4E5-C39C-69D5-96AFB9BA7635}.Release|Any CPU.ActiveCfg = Release|Any CPU
		{0B88E06D-A4E5-C39C-69D5-96AFB9BA7635}.Release|Any CPU.Build.0 = Release|Any CPU
		{6C882412-8E93-419E-A7E0-2AC30087D5D1}.Debug|Any CPU.ActiveCfg = Debug|Any CPU
		{6C882412-8E93-419E-A7E0-2AC30087D5D1}.Debug|Any CPU.Build.0 = Debug|Any CPU
		{6C882412-8E93-419E-A7E0-2AC30087D5D1}.Release|Any CPU.ActiveCfg = Release|Any CPU
		{6C882412-8E93-419E-A7E0-2AC30087D5D1}.Release|Any CPU.Build.0 = Release|Any CPU
	EndGlobalSection
	GlobalSection(SolutionProperties) = preSolution
		HideSolutionNode = FALSE
	EndGlobalSection
EndGlobal
